
Microsoft Visual Studio Solution File, Format Version 12.00
# Visual Studio 15
Project("{FAE04EC0-301F-11D3-BF4B-00C04F79EFBC}") = "Assembly-CSharp", "Assembly-CSharp.csproj", "{AB3CAC29-13CA-62EE-C968-D252101CED57}"
EndProject
Project("{FAE04EC0-301F-11D3-BF4B-00C04F79EFBC}") = "Elringus.SpriteGlow.Runtime", "Elringus.SpriteGlow.Runtime.csproj", "{C3BD7462-A1B7-1488-8AA2-1A00992263C9}"
EndProject
Global
	GlobalSection(SolutionConfigurationPlatforms) = preSolution
		Debug|Any CPU = Debug|Any CPU
		Release|Any CPU = Release|Any CPU
	EndGlobalSection
	GlobalSection(ProjectConfigurationPlatforms) = postSolution
		{AB3CAC29-13CA-62EE-C968-D252101CED57}.Debug|Any CPU.ActiveCfg = Debug|Any CPU
		{AB3CAC29-13CA-62EE-C968-D252101CED57}.Debug|Any CPU.Build.0 = Debug|Any CPU
		{AB3CAC29-13CA-62EE-C968-D252101CED57}.Release|Any CPU.ActiveCfg = Release|Any CPU
		{AB3CAC29-13CA-62EE-C968-D252101CED57}.Release|Any CPU.Build.0 = Release|Any CPU
		{C3BD7462-A1B7-1488-8AA2-1A00992263C9}.Debug|Any CPU.ActiveCfg = Debug|Any CPU
		{C3BD7462-A1B7-1488-8AA2-1A00992263C9}.Debug|Any CPU.Build.0 = Debug|Any CPU
		{C3BD7462-A1B7-1488-8AA2-1A00992263C9}.Release|Any CPU.ActiveCfg = Release|Any CPU
		{C3BD7462-A1B7-1488-8AA2-1A00992263C9}.Release|Any CPU.Build.0 = Release|Any CPU
	EndGlobalSection
	GlobalSection(SolutionProperties) = preSolution
		HideSolutionNode = FALSE
	EndGlobalSection
EndGlobal
